// !$*UTF8*$!
{
	archiveVersion = 1;
	classes = {
	};
	objectVersion = 50;
	objects = {

/* Begin PBXBuildFile section */
		9E8C19F022E674A100A5832C /* AppDelegate.swift in Sources */ = {isa = PBXBuildFile; fileRef = 9E8C19EF22E674A100A5832C /* AppDelegate.swift */; };
		9E8C19F222E674A100A5832C /* SceneDelegate.swift in Sources */ = {isa = PBXBuildFile; fileRef = 9E8C19F122E674A100A5832C /* SceneDelegate.swift */; };
		9E8C19F422E674A100A5832C /* ViewController.swift in Sources */ = {isa = PBXBuildFile; fileRef = 9E8C19F322E674A100A5832C /* ViewController.swift */; };
		9E8C19F722E674A100A5832C /* Main.storyboard in Resources */ = {isa = PBXBuildFile; fileRef = 9E8C19F522E674A100A5832C /* Main.storyboard */; };
		9E8C19F922E674A700A5832C /* Assets.xcassets in Resources */ = {isa = PBXBuildFile; fileRef = 9E8C19F822E674A700A5832C /* Assets.xcassets */; };
		9E8C19FC22E674A700A5832C /* LaunchScreen.storyboard in Resources */ = {isa = PBXBuildFile; fileRef = 9E8C19FA22E674A700A5832C /* LaunchScreen.storyboard */; };
		9E8C1A0722E674A700A5832C /* DesafioConcrete_BrunoChagasTests.swift in Sources */ = {isa = PBXBuildFile; fileRef = 9E8C1A0622E674A700A5832C /* DesafioConcrete_BrunoChagasTests.swift */; };
		9E8C1A1222E674A700A5832C /* DesafioConcrete_BrunoChagasUITests.swift in Sources */ = {isa = PBXBuildFile; fileRef = 9E8C1A1122E674A700A5832C /* DesafioConcrete_BrunoChagasUITests.swift */; };
/* End PBXBuildFile section */

/* Begin PBXContainerItemProxy section */
		9E8C1A0322E674A700A5832C /* PBXContainerItemProxy */ = {
			isa = PBXContainerItemProxy;
			containerPortal = 9E8C19E422E674A100A5832C /* Project object */;
			proxyType = 1;
			remoteGlobalIDString = 9E8C19EB22E674A100A5832C;
			remoteInfo = DesafioConcrete_BrunoChagas;
		};
		9E8C1A0E22E674A700A5832C /* PBXContainerItemProxy */ = {
			isa = PBXContainerItemProxy;
			containerPortal = 9E8C19E422E674A100A5832C /* Project object */;
			proxyType = 1;
			remoteGlobalIDString = 9E8C19EB22E674A100A5832C;
			remoteInfo = DesafioConcrete_BrunoChagas;
		};
/* End PBXContainerItemProxy section */

/* Begin PBXFileReference section */
		9E8C19EC22E674A100A5832C /* DesafioConcrete_BrunoChagas.app */ = {isa = PBXFileReference; explicitFileType = wrapper.application; includeInIndex = 0; path = DesafioConcrete_BrunoChagas.app; sourceTree = BUILT_PRODUCTS_DIR; };
		9E8C19EF22E674A100A5832C /* AppDelegate.swift */ = {isa = PBXFileReference; lastKnownFileType = sourcecode.swift; path = AppDelegate.swift; sourceTree = "<group>"; };
		9E8C19F122E674A100A5832C /* SceneDelegate.swift */ = {isa = PBXFileReference; lastKnownFileType = sourcecode.swift; path = SceneDelegate.swift; sourceTree = "<group>"; };
		9E8C19F322E674A100A5832C /* ViewController.swift */ = {isa = PBXFileReference; lastKnownFileType = sourcecode.swift; path = ViewController.swift; sourceTree = "<group>"; };
		9E8C19F622E674A100A5832C /* Base */ = {isa = PBXFileReference; lastKnownFileType = file.storyboard; name = Base; path = Base.lproj/Main.storyboard; sourceTree = "<group>"; };
		9E8C19F822E674A700A5832C /* Assets.xcassets */ = {isa = PBXFileReference; lastKnownFileType = folder.assetcatalog; path = Assets.xcassets; sourceTree = "<group>"; };
		9E8C19FB22E674A700A5832C /* Base */ = {isa = PBXFileReference; lastKnownFileType = file.storyboard; name = Base; path = Base.lproj/LaunchScreen.storyboard; sourceTree = "<group>"; };
		9E8C19FD22E674A700A5832C /* Info.plist */ = {isa = PBXFileReference; lastKnownFileType = text.plist.xml; path = Info.plist; sourceTree = "<group>"; };
		9E8C1A0222E674A700A5832C /* DesafioConcrete_BrunoChagasTests.xctest */ = {isa = PBXFileReference; explicitFileType = wrapper.cfbundle; includeInIndex = 0; path = DesafioConcrete_BrunoChagasTests.xctest; sourceTree = BUILT_PRODUCTS_DIR; };
		9E8C1A0622E674A700A5832C /* DesafioConcrete_BrunoChagasTests.swift */ = {isa = PBXFileReference; lastKnownFileType = sourcecode.swift; path = DesafioConcrete_BrunoChagasTests.swift; sourceTree = "<group>"; };
		9E8C1A0822E674A700A5832C /* Info.plist */ = {isa = PBXFileReference; lastKnownFileType = text.plist.xml; path = Info.plist; sourceTree = "<group>"; };
		9E8C1A0D22E674A700A5832C /* DesafioConcrete_BrunoChagasUITests.xctest */ = {isa = PBXFileReference; explicitFileType = wrapper.cfbundle; includeInIndex = 0; path = DesafioConcrete_BrunoChagasUITests.xctest; sourceTree = BUILT_PRODUCTS_DIR; };
		9E8C1A1122E674A700A5832C /* DesafioConcrete_BrunoChagasUITests.swift */ = {isa = PBXFileReference; lastKnownFileType = sourcecode.swift; path = DesafioConcrete_BrunoChagasUITests.swift; sourceTree = "<group>"; };
		9E8C1A1322E674A700A5832C /* Info.plist */ = {isa = PBXFileReference; lastKnownFileType = text.plist.xml; path = Info.plist; sourceTree = "<group>"; };
/* End PBXFileReference section */

/* Begin PBXFrameworksBuildPhase section */
		9E8C19E922E674A100A5832C /* Frameworks */ = {
			isa = PBXFrameworksBuildPhase;
			buildActionMask = 2147483647;
			files = (
			);
			runOnlyForDeploymentPostprocessing = 0;
		};
		9E8C19FF22E674A700A5832C /* Frameworks */ = {
			isa = PBXFrameworksBuildPhase;
			buildActionMask = 2147483647;
			files = (
			);
			runOnlyForDeploymentPostprocessing = 0;
		};
		9E8C1A0A22E674A700A5832C /* Frameworks */ = {
			isa = PBXFrameworksBuildPhase;
			buildActionMask = 2147483647;
			files = (
			);
			runOnlyForDeploymentPostprocessing = 0;
		};
/* End PBXFrameworksBuildPhase section */

/* Begin PBXGroup section */
		9E8C19E322E674A100A5832C = {
			isa = PBXGroup;
			children = (
				9E8C19EE22E674A100A5832C /* DesafioConcrete_BrunoChagas */,
				9E8C1A0522E674A700A5832C /* DesafioConcrete_BrunoChagasTests */,
				9E8C1A1022E674A700A5832C /* DesafioConcrete_BrunoChagasUITests */,
				9E8C19ED22E674A100A5832C /* Products */,
			);
			sourceTree = "<group>";
		};
		9E8C19ED22E674A100A5832C /* Products */ = {
			isa = PBXGroup;
			children = (
				9E8C19EC22E674A100A5832C /* DesafioConcrete_BrunoChagas.app */,
				9E8C1A0222E674A700A5832C /* DesafioConcrete_BrunoChagasTests.xctest */,
				9E8C1A0D22E674A700A5832C /* DesafioConcrete_BrunoChagasUITests.xctest */,
			);
			name = Products;
			sourceTree = "<group>";
		};
		9E8C19EE22E674A100A5832C /* DesafioConcrete_BrunoChagas */ = {
			isa = PBXGroup;
			children = (
				9E8C19EF22E674A100A5832C /* AppDelegate.swift */,
				9E8C19F122E674A100A5832C /* SceneDelegate.swift */,
				9E8C19F322E674A100A5832C /* ViewController.swift */,
				9E8C19F522E674A100A5832C /* Main.storyboard */,
				9E8C19F822E674A700A5832C /* Assets.xcassets */,
				9E8C19FA22E674A700A5832C /* LaunchScreen.storyboard */,
				9E8C19FD22E674A700A5832C /* Info.plist */,
			);
			path = DesafioConcrete_BrunoChagas;
			sourceTree = "<group>";
		};
		9E8C1A0522E674A700A5832C /* DesafioConcrete_BrunoChagasTests */ = {
			isa = PBXGroup;
			children = (
				9E8C1A0622E674A700A5832C /* DesafioConcrete_BrunoChagasTests.swift */,
				9E8C1A0822E674A700A5832C /* Info.plist */,
			);
			path = DesafioConcrete_BrunoChagasTests;
			sourceTree = "<group>";
		};
		9E8C1A1022E674A700A5832C /* DesafioConcrete_BrunoChagasUITests */ = {
			isa = PBXGroup;
			children = (
				9E8C1A1122E674A700A5832C /* DesafioConcrete_BrunoChagasUITests.swift */,
				9E8C1A1322E674A700A5832C /* Info.plist */,
			);
			path = DesafioConcrete_BrunoChagasUITests;
			sourceTree = "<group>";
		};
/* End PBXGroup section */

/* Begin PBXNativeTarget section */
		9E8C19EB22E674A100A5832C /* DesafioConcrete_BrunoChagas */ = {
			isa = PBXNativeTarget;
			buildConfigurationList = 9E8C1A1622E674A700A5832C /* Build configuration list for PBXNativeTarget "DesafioConcrete_BrunoChagas" */;
			buildPhases = (
				9E8C19E822E674A100A5832C /* Sources */,
				9E8C19E922E674A100A5832C /* Frameworks */,
				9E8C19EA22E674A100A5832C /* Resources */,
			);
			buildRules = (
			);
			dependencies = (
			);
			name = DesafioConcrete_BrunoChagas;
			productName = DesafioConcrete_BrunoChagas;
			productReference = 9E8C19EC22E674A100A5832C /* DesafioConcrete_BrunoChagas.app */;
			productType = "com.apple.product-type.application";
		};
		9E8C1A0122E674A700A5832C /* DesafioConcrete_BrunoChagasTests */ = {
			isa = PBXNativeTarget;
			buildConfigurationList = 9E8C1A1922E674A700A5832C /* Build configuration list for PBXNativeTarget "DesafioConcrete_BrunoChagasTests" */;
			buildPhases = (
				9E8C19FE22E674A700A5832C /* Sources */,
				9E8C19FF22E674A700A5832C /* Frameworks */,
				9E8C1A0022E674A700A5832C /* Resources */,
			);
			buildRules = (
			);
			dependencies = (
				9E8C1A0422E674A700A5832C /* PBXTargetDependency */,
			);
			name = DesafioConcrete_BrunoChagasTests;
			productName = DesafioConcrete_BrunoChagasTests;
			productReference = 9E8C1A0222E674A700A5832C /* DesafioConcrete_BrunoChagasTests.xctest */;
			productType = "com.apple.product-type.bundle.unit-test";
		};
		9E8C1A0C22E674A700A5832C /* DesafioConcrete_BrunoChagasUITests */ = {
			isa = PBXNativeTarget;
			buildConfigurationList = 9E8C1A1C22E674A700A5832C /* Build configuration list for PBXNativeTarget "DesafioConcrete_BrunoChagasUITests" */;
			buildPhases = (
				9E8C1A0922E674A700A5832C /* Sources */,
				9E8C1A0A22E674A700A5832C /* Frameworks */,
				9E8C1A0B22E674A700A5832C /* Resources */,
			);
			buildRules = (
			);
			dependencies = (
				9E8C1A0F22E674A700A5832C /* PBXTargetDependency */,
			);
			name = DesafioConcrete_BrunoChagasUITests;
			productName = DesafioConcrete_BrunoChagasUITests;
			productReference = 9E8C1A0D22E674A700A5832C /* DesafioConcrete_BrunoChagasUITests.xctest */;
			productType = "com.apple.product-type.bundle.ui-testing";
		};
/* End PBXNativeTarget section */

/* Begin PBXProject section */
		9E8C19E422E674A100A5832C /* Project object */ = {
			isa = PBXProject;
			attributes = {
				LastSwiftUpdateCheck = 1100;
				LastUpgradeCheck = 1100;
				ORGANIZATIONNAME = "Bruno Chagas";
				TargetAttributes = {
					9E8C19EB22E674A100A5832C = {
						CreatedOnToolsVersion = 11.0;
					};
					9E8C1A0122E674A700A5832C = {
						CreatedOnToolsVersion = 11.0;
						TestTargetID = 9E8C19EB22E674A100A5832C;
					};
					9E8C1A0C22E674A700A5832C = {
						CreatedOnToolsVersion = 11.0;
						TestTargetID = 9E8C19EB22E674A100A5832C;
					};
				};
			};
			buildConfigurationList = 9E8C19E722E674A100A5832C /* Build configuration list for PBXProject "DesafioConcrete_BrunoChagas" */;
			compatibilityVersion = "Xcode 9.3";
			developmentRegion = en;
			hasScannedForEncodings = 0;
			knownRegions = (
				en,
				Base,
			);
			mainGroup = 9E8C19E322E674A100A5832C;
			productRefGroup = 9E8C19ED22E674A100A5832C /* Products */;
			projectDirPath = "";
			projectRoot = "";
			targets = (
				9E8C19EB22E674A100A5832C /* DesafioConcrete_BrunoChagas */,
				9E8C1A0122E674A700A5832C /* DesafioConcrete_BrunoChagasTests */,
				9E8C1A0C22E674A700A5832C /* DesafioConcrete_BrunoChagasUITests */,
			);
		};
/* End PBXProject section */

/* Begin PBXResourcesBuildPhase section */
		9E8C19EA22E674A100A5832C /* Resources */ = {
			isa = PBXResourcesBuildPhase;
			buildActionMask = 2147483647;
			files = (
				9E8C19FC22E674A700A5832C /* LaunchScreen.storyboard in Resources */,
				9E8C19F922E674A700A5832C /* Assets.xcassets in Resources */,
				9E8C19F722E674A100A5832C /* Main.storyboard in Resources */,
			);
			runOnlyForDeploymentPostprocessing = 0;
		};
		9E8C1A0022E674A700A5832C /* Resources */ = {
			isa = PBXResourcesBuildPhase;
			buildActionMask = 2147483647;
			files = (
			);
			runOnlyForDeploymentPostprocessing = 0;
		};
		9E8C1A0B22E674A700A5832C /* Resources */ = {
			isa = PBXResourcesBuildPhase;
			buildActionMask = 2147483647;
			files = (
			);
			runOnlyForDeploymentPostprocessing = 0;
		};
/* End PBXResourcesBuildPhase section */

/* Begin PBXSourcesBuildPhase section */
		9E8C19E822E674A100A5832C /* Sources */ = {
			isa = PBXSourcesBuildPhase;
			buildActionMask = 2147483647;
			files = (
				9E8C19F422E674A100A5832C /* ViewController.swift in Sources */,
				9E8C19F022E674A100A5832C /* AppDelegate.swift in Sources */,
				9E8C19F222E674A100A5832C /* SceneDelegate.swift in Sources */,
			);
			runOnlyForDeploymentPostprocessing = 0;
		};
		9E8C19FE22E674A700A5832C /* Sources */ = {
			isa = PBXSourcesBuildPhase;
			buildActionMask = 2147483647;
			files = (
				9E8C1A0722E674A700A5832C /* DesafioConcrete_BrunoChagasTests.swift in Sources */,
			);
			runOnlyForDeploymentPostprocessing = 0;
		};
		9E8C1A0922E674A700A5832C /* Sources */ = {
			isa = PBXSourcesBuildPhase;
			buildActionMask = 2147483647;
			files = (
				9E8C1A1222E674A700A5832C /* DesafioConcrete_BrunoChagasUITests.swift in Sources */,
			);
			runOnlyForDeploymentPostprocessing = 0;
		};
/* End PBXSourcesBuildPhase section */

/* Begin PBXTargetDependency section */
		9E8C1A0422E674A700A5832C /* PBXTargetDependency */ = {
			isa = PBXTargetDependency;
			target = 9E8C19EB22E674A100A5832C /* DesafioConcrete_BrunoChagas */;
			targetProxy = 9E8C1A0322E674A700A5832C /* PBXContainerItemProxy */;
		};
		9E8C1A0F22E674A700A5832C /* PBXTargetDependency */ = {
			isa = PBXTargetDependency;
			target = 9E8C19EB22E674A100A5832C /* DesafioConcrete_BrunoChagas */;
			targetProxy = 9E8C1A0E22E674A700A5832C /* PBXContainerItemProxy */;
		};
/* End PBXTargetDependency section */

/* Begin PBXVariantGroup section */
		9E8C19F522E674A100A5832C /* Main.storyboard */ = {
			isa = PBXVariantGroup;
			children = (
				9E8C19F622E674A100A5832C /* Base */,
			);
			name = Main.storyboard;
			sourceTree = "<group>";
		};
		9E8C19FA22E674A700A5832C /* LaunchScreen.storyboard */ = {
			isa = PBXVariantGroup;
			children = (
				9E8C19FB22E674A700A5832C /* Base */,
			);
			name = LaunchScreen.storyboard;
			sourceTree = "<group>";
		};
/* End PBXVariantGroup section */

/* Begin XCBuildConfiguration section */
		9E8C1A1422E674A700A5832C /* Debug */ = {
			isa = XCBuildConfiguration;
			buildSettings = {
				ALWAYS_SEARCH_USER_PATHS = NO;
				CLANG_ANALYZER_NONNULL = YES;
				CLANG_ANALYZER_NUMBER_OBJECT_CONVERSION = YES_AGGRESSIVE;
				CLANG_CXX_LANGUAGE_STANDARD = "gnu++14";
				CLANG_CXX_LIBRARY = "libc++";
				CLANG_ENABLE_MODULES = YES;
				CLANG_ENABLE_OBJC_ARC = YES;
				CLANG_ENABLE_OBJC_WEAK = YES;
				CLANG_WARN_BLOCK_CAPTURE_AUTORELEASING = YES;
				CLANG_WARN_BOOL_CONVERSION = YES;
				CLANG_WARN_COMMA = YES;
				CLANG_WARN_CONSTANT_CONVERSION = YES;
				CLANG_WARN_DEPRECATED_OBJC_IMPLEMENTATIONS = YES;
				CLANG_WARN_DIRECT_OBJC_ISA_USAGE = YES_ERROR;
				CLANG_WARN_DOCUMENTATION_COMMENTS = YES;
				CLANG_WARN_EMPTY_BODY = YES;
				CLANG_WARN_ENUM_CONVERSION = YES;
				CLANG_WARN_INFINITE_RECURSION = YES;
				CLANG_WARN_INT_CONVERSION = YES;
				CLANG_WARN_NON_LITERAL_NULL_CONVERSION = YES;
				CLANG_WARN_OBJC_IMPLICIT_RETAIN_SELF = YES;
				CLANG_WARN_OBJC_LITERAL_CONVERSION = YES;
				CLANG_WARN_OBJC_ROOT_CLASS = YES_ERROR;
				CLANG_WARN_RANGE_LOOP_ANALYSIS = YES;
				CLANG_WARN_STRICT_PROTOTYPES = YES;
				CLANG_WARN_SUSPICIOUS_MOVE = YES;
				CLANG_WARN_UNGUARDED_AVAILABILITY = YES_AGGRESSIVE;
				CLANG_WARN_UNREACHABLE_CODE = YES;
				CLANG_WARN__DUPLICATE_METHOD_MATCH = YES;
				COPY_PHASE_STRIP = NO;
				DEBUG_INFORMATION_FORMAT = dwarf;
				ENABLE_STRICT_OBJC_MSGSEND = YES;
				ENABLE_TESTABILITY = YES;
				GCC_C_LANGUAGE_STANDARD = gnu11;
				GCC_DYNAMIC_NO_PIC = NO;
				GCC_NO_COMMON_BLOCKS = YES;
				GCC_OPTIMIZATION_LEVEL = 0;
				GCC_PREPROCESSOR_DEFINITIONS = (
					"DEBUG=1",
					"$(inherited)",
				);
				GCC_WARN_64_TO_32_BIT_CONVERSION = YES;
				GCC_WARN_ABOUT_RETURN_TYPE = YES_ERROR;
				GCC_WARN_UNDECLARED_SELECTOR = YES;
				GCC_WARN_UNINITIALIZED_AUTOS = YES_AGGRESSIVE;
				GCC_WARN_UNUSED_FUNCTION = YES;
				GCC_WARN_UNUSED_VARIABLE = YES;
				IPHONEOS_DEPLOYMENT_TARGET = 13.0;
				MTL_ENABLE_DEBUG_INFO = INCLUDE_SOURCE;
				MTL_FAST_MATH = YES;
				ONLY_ACTIVE_ARCH = YES;
				SDKROOT = iphoneos;
				SWIFT_ACTIVE_COMPILATION_CONDITIONS = DEBUG;
				SWIFT_OPTIMIZATION_LEVEL = "-Onone";
			};
			name = Debug;
		};
		9E8C1A1522E674A700A5832C /* Release */ = {
			isa = XCBuildConfiguration;
			buildSettings = {
				ALWAYS_SEARCH_USER_PATHS = NO;
				CLANG_ANALYZER_NONNULL = YES;
				CLANG_ANALYZER_NUMBER_OBJECT_CONVERSION = YES_AGGRESSIVE;
				CLANG_CXX_LANGUAGE_STANDARD = "gnu++14";
				CLANG_CXX_LIBRARY = "libc++";
				CLANG_ENABLE_MODULES = YES;
				CLANG_ENABLE_OBJC_ARC = YES;
				CLANG_ENABLE_OBJC_WEAK = YES;
				CLANG_WARN_BLOCK_CAPTURE_AUTORELEASING = YES;
				CLANG_WARN_BOOL_CONVERSION = YES;
				CLANG_WARN_COMMA = YES;
				CLANG_WARN_CONSTANT_CONVERSION = YES;
				CLANG_WARN_DEPRECATED_OBJC_IMPLEMENTATIONS = YES;
				CLANG_WARN_DIRECT_OBJC_ISA_USAGE = YES_ERROR;
				CLANG_WARN_DOCUMENTATION_COMMENTS = YES;
				CLANG_WARN_EMPTY_BODY = YES;
				CLANG_WARN_ENUM_CONVERSION = YES;
				CLANG_WARN_INFINITE_RECURSION = YES;
				CLANG_WARN_INT_CONVERSION = YES;
				CLANG_WARN_NON_LITERAL_NULL_CONVERSION = YES;
				CLANG_WARN_OBJC_IMPLICIT_RETAIN_SELF = YES;
				CLANG_WARN_OBJC_LITERAL_CONVERSION = YES;
				CLANG_WARN_OBJC_ROOT_CLASS = YES_ERROR;
				CLANG_WARN_RANGE_LOOP_ANALYSIS = YES;
				CLANG_WARN_STRICT_PROTOTYPES = YES;
				CLANG_WARN_SUSPICIOUS_MOVE = YES;
				CLANG_WARN_UNGUARDED_AVAILABILITY = YES_AGGRESSIVE;
				CLANG_WARN_UNREACHABLE_CODE = YES;
				CLANG_WARN__DUPLICATE_METHOD_MATCH = YES;
				COPY_PHASE_STRIP = NO;
				DEBUG_INFORMATION_FORMAT = "dwarf-with-dsym";
				ENABLE_NS_ASSERTIONS = NO;
				ENABLE_STRICT_OBJC_MSGSEND = YES;
				GCC_C_LANGUAGE_STANDARD = gnu11;
				GCC_NO_COMMON_BLOCKS = YES;
				GCC_WARN_64_TO_32_BIT_CONVERSION = YES;
				GCC_WARN_ABOUT_RETURN_TYPE = YES_ERROR;
				GCC_WARN_UNDECLARED_SELECTOR = YES;
				GCC_WARN_UNINITIALIZED_AUTOS = YES_AGGRESSIVE;
				GCC_WARN_UNUSED_FUNCTION = YES;
				GCC_WARN_UNUSED_VARIABLE = YES;
				IPHONEOS_DEPLOYMENT_TARGET = 13.0;
				MTL_ENABLE_DEBUG_INFO = NO;
				MTL_FAST_MATH = YES;
				SDKROOT = iphoneos;
				SWIFT_COMPILATION_MODE = wholemodule;
				SWIFT_OPTIMIZATION_LEVEL = "-O";
				VALIDATE_PRODUCT = YES;
			};
			name = Release;
		};
		9E8C1A1722E674A700A5832C /* Debug */ = {
			isa = XCBuildConfiguration;
			buildSettings = {
				ASSETCATALOG_COMPILER_APPICON_NAME = AppIcon;
				CODE_SIGN_STYLE = Automatic;
				DEVELOPMENT_TEAM = XB3C2V95Z9;
				INFOPLIST_FILE = DesafioConcrete_BrunoChagas/Info.plist;
				LD_RUNPATH_SEARCH_PATHS = (
					"$(inherited)",
					"@executable_path/Frameworks",
				);
				PRODUCT_BUNDLE_IDENTIFIER = "br.com.brunochagas.DesafioConcrete-BrunoChagas";
				PRODUCT_NAME = "$(TARGET_NAME)";
				SWIFT_VERSION = 5.0;
				TARGETED_DEVICE_FAMILY = "1,2";
			};
			name = Debug;
		};
		9E8C1A1822E674A700A5832C /* Release */ = {
			isa = XCBuildConfiguration;
			buildSettings = {
				ASSETCATALOG_COMPILER_APPICON_NAME = AppIcon;
				CODE_SIGN_STYLE = Automatic;
				DEVELOPMENT_TEAM = XB3C2V95Z9;
				INFOPLIST_FILE = DesafioConcrete_BrunoChagas/Info.plist;
				LD_RUNPATH_SEARCH_PATHS = (
					"$(inherited)",
					"@executable_path/Frameworks",
				);
				PRODUCT_BUNDLE_IDENTIFIER = "br.com.brunochagas.DesafioConcrete-BrunoChagas";
				PRODUCT_NAME = "$(TARGET_NAME)";
				SWIFT_VERSION = 5.0;
				TARGETED_DEVICE_FAMILY = "1,2";
			};
			name = Release;
		};
		9E8C1A1A22E674A700A5832C /* Debug */ = {
			isa = XCBuildConfiguration;
			buildSettings = {
				ALWAYS_EMBED_SWIFT_STANDARD_LIBRARIES = YES;
				BUNDLE_LOADER = "$(TEST_HOST)";
				CODE_SIGN_STYLE = Automatic;
				DEVELOPMENT_TEAM = XB3C2V95Z9;
				INFOPLIST_FILE = DesafioConcrete_BrunoChagasTests/Info.plist;
				LD_RUNPATH_SEARCH_PATHS = (
					"$(inherited)",
					"@executable_path/Frameworks",
					"@loader_path/Frameworks",
				);
				PRODUCT_BUNDLE_IDENTIFIER = "br.com.brunochagas.DesafioConcrete-BrunoChagasTests";
				PRODUCT_NAME = "$(TARGET_NAME)";
				SWIFT_VERSION = 5.0;
				TARGETED_DEVICE_FAMILY = "1,2";
				TEST_HOST = "$(BUILT_PRODUCTS_DIR)/DesafioConcrete_BrunoChagas.app/DesafioConcrete_BrunoChagas";
			};
			name = Debug;
		};
		9E8C1A1B22E674A700A5832C /* Release */ = {
			isa = XCBuildConfiguration;
			buildSettings = {
				ALWAYS_EMBED_SWIFT_STANDARD_LIBRARIES = YES;
				BUNDLE_LOADER = "$(TEST_HOST)";
				CODE_SIGN_STYLE = Automatic;
				DEVELOPMENT_TEAM = XB3C2V95Z9;
				INFOPLIST_FILE = DesafioConcrete_BrunoChagasTests/Info.plist;
				LD_RUNPATH_SEARCH_PATHS = (
					"$(inherited)",
					"@executable_path/Frameworks",
					"@loader_path/Frameworks",
				);
				PRODUCT_BUNDLE_IDENTIFIER = "br.com.brunochagas.DesafioConcrete-BrunoChagasTests";
				PRODUCT_NAME = "$(TARGET_NAME)";
				SWIFT_VERSION = 5.0;
				TARGETED_DEVICE_FAMILY = "1,2";
				TEST_HOST = "$(BUILT_PRODUCTS_DIR)/DesafioConcrete_BrunoChagas.app/DesafioConcrete_BrunoChagas";
			};
			name = Release;
		};
		9E8C1A1D22E674A700A5832C /* Debug */ = {
			isa = XCBuildConfiguration;
			buildSettings = {
				ALWAYS_EMBED_SWIFT_STANDARD_LIBRARIES = YES;
				CODE_SIGN_STYLE = Automatic;
				DEVELOPMENT_TEAM = XB3C2V95Z9;
				INFOPLIST_FILE = DesafioConcrete_BrunoChagasUITests/Info.plist;
				LD_RUNPATH_SEARCH_PATHS = (
					"$(inherited)",
					"@executable_path/Frameworks",
					"@loader_path/Frameworks",
				);
				PRODUCT_BUNDLE_IDENTIFIER = "br.com.brunochagas.DesafioConcrete-BrunoChagasUITests";
				PRODUCT_NAME = "$(TARGET_NAME)";
				SWIFT_VERSION = 5.0;
				TARGETED_DEVICE_FAMILY = "1,2";
				TEST_TARGET_NAME = DesafioConcrete_BrunoChagas;
			};
			name = Debug;
		};
		9E8C1A1E22E674A700A5832C /* Release */ = {
			isa = XCBuildConfiguration;
			buildSettings = {
				ALWAYS_EMBED_SWIFT_STANDARD_LIBRARIES = YES;
				CODE_SIGN_STYLE = Automatic;
				DEVELOPMENT_TEAM = XB3C2V95Z9;
				INFOPLIST_FILE = DesafioConcrete_BrunoChagasUITests/Info.plist;
				LD_RUNPATH_SEARCH_PATHS = (
					"$(inherited)",
					"@executable_path/Frameworks",
					"@loader_path/Frameworks",
				);
				PRODUCT_BUNDLE_IDENTIFIER = "br.com.brunochagas.DesafioConcrete-BrunoChagasUITests";
				PRODUCT_NAME = "$(TARGET_NAME)";
				SWIFT_VERSION = 5.0;
				TARGETED_DEVICE_FAMILY = "1,2";
				TEST_TARGET_NAME = DesafioConcrete_BrunoChagas;
			};
			name = Release;
		};
/* End XCBuildConfiguration section */

/* Begin XCConfigurationList section */
		9E8C19E722E674A100A5832C /* Build configuration list for PBXProject "DesafioConcrete_BrunoChagas" */ = {
			isa = XCConfigurationList;
			buildConfigurations = (
				9E8C1A1422E674A700A5832C /* Debug */,
				9E8C1A1522E674A700A5832C /* Release */,
			);
			defaultConfigurationIsVisible = 0;
			defaultConfigurationName = Release;
		};
		9E8C1A1622E674A700A5832C /* Build configuration list for PBXNativeTarget "DesafioConcrete_BrunoChagas" */ = {
			isa = XCConfigurationList;
			buildConfigurations = (
				9E8C1A1722E674A700A5832C /* Debug */,
				9E8C1A1822E674A700A5832C /* Release */,
			);
			defaultConfigurationIsVisible = 0;
			defaultConfigurationName = Release;
		};
		9E8C1A1922E674A700A5832C /* Build configuration list for PBXNativeTarget "DesafioConcrete_BrunoChagasTests" */ = {
			isa = XCConfigurationList;
			buildConfigurations = (
				9E8C1A1A22E674A700A5832C /* Debug */,
				9E8C1A1B22E674A700A5832C /* Release */,
			);
			defaultConfigurationIsVisible = 0;
			defaultConfigurationName = Release;
		};
		9E8C1A1C22E674A700A5832C /* Build configuration list for PBXNativeTarget "DesafioConcrete_BrunoChagasUITests" */ = {
			isa = XCConfigurationList;
			buildConfigurations = (
				9E8C1A1D22E674A700A5832C /* Debug */,
				9E8C1A1E22E674A700A5832C /* Release */,
			);
			defaultConfigurationIsVisible = 0;
			defaultConfigurationName = Release;
		};
/* End XCConfigurationList section */
	};
	rootObject = 9E8C19E422E674A100A5832C /* Project object */;
}
